
Microsoft Visual Studio Solution File, Format Version 12.00
# Visual Studio Version 17
VisualStudioVersion = 17.3.32929.385
MinimumVisualStudioVersion = 10.0.40219.1
Project("{FAE04EC0-301F-11D3-BF4B-00C04F79EFBC}") = "Module3HW2", "Module3HW2.csproj", "{9E981313-F1CA-4E04-9322-8A459E33EB59}"
EndProject
Global
	GlobalSection(SolutionConfigurationPlatforms) = preSolution
		Debug|Any CPU = Debug|Any CPU
		Release|Any CPU = Release|Any CPU
	EndGlobalSection
	GlobalSection(ProjectConfigurationPlatforms) = postSolution
		{9E981313-F1CA-4E04-9322-8A459E33EB59}.Debug|Any CPU.ActiveCfg = Debug|Any CPU
		{9E981313-F1CA-4E04-9322-8A459E33EB59}.Debug|Any CPU.Build.0 = Debug|Any CPU
		{9E981313-F1CA-4E04-9322-8A459E33EB59}.Release|Any CPU.ActiveCfg = Release|Any CPU
		{9E981313-F1CA-4E04-9322-8A459E33EB59}.Release|Any CPU.Build.0 = Release|Any CPU
	EndGlobalSection
	GlobalSection(SolutionProperties) = preSolution
		HideSolutionNode = FALSE
	EndGlobalSection
	GlobalSection(ExtensibilityGlobals) = postSolution
		SolutionGuid = {FB0587A5-0631-4423-8FB1-6E7D5FACB3B4}
	EndGlobalSection
EndGlobal
