
Microsoft Visual Studio Solution File, Format Version 12.00
# Visual Studio Version 17
VisualStudioVersion = 17.3.32922.545
MinimumVisualStudioVersion = 10.0.40219.1
Project("{FAE04EC0-301F-11D3-BF4B-00C04F79EFBC}") = "NIX_HW_Practice1", "NIX_HW_Practice1.csproj", "{CF8C0DB7-8738-4576-A787-39BB3EEF90BE}"
EndProject
Global
	GlobalSection(SolutionConfigurationPlatforms) = preSolution
		Debug|Any CPU = Debug|Any CPU
		Release|Any CPU = Release|Any CPU
	EndGlobalSection
	GlobalSection(ProjectConfigurationPlatforms) = postSolution
		{CF8C0DB7-8738-4576-A787-39BB3EEF90BE}.Debug|Any CPU.ActiveCfg = Debug|Any CPU
		{CF8C0DB7-8738-4576-A787-39BB3EEF90BE}.Debug|Any CPU.Build.0 = Debug|Any CPU
		{CF8C0DB7-8738-4576-A787-39BB3EEF90BE}.Release|Any CPU.ActiveCfg = Release|Any CPU
		{CF8C0DB7-8738-4576-A787-39BB3EEF90BE}.Release|Any CPU.Build.0 = Release|Any CPU
	EndGlobalSection
	GlobalSection(SolutionProperties) = preSolution
		HideSolutionNode = FALSE
	EndGlobalSection
	GlobalSection(ExtensibilityGlobals) = postSolution
		SolutionGuid = {838FEE8B-B6C7-48E1-B90A-DD83A10A471A}
	EndGlobalSection
EndGlobal
