
Microsoft Visual Studio Solution File, Format Version 12.00
# Visual Studio Version 17
VisualStudioVersion = 17.3.32922.545
MinimumVisualStudioVersion = 10.0.40219.1
Project("{FAE04EC0-301F-11D3-BF4B-00C04F79EFBC}") = "NIX_HW_Lec2_1", "NIX_HW_Lec2_1.csproj", "{0950806C-51FE-4C71-A098-1F55CFE8520D}"
EndProject
Global
	GlobalSection(SolutionConfigurationPlatforms) = preSolution
		Debug|Any CPU = Debug|Any CPU
		Release|Any CPU = Release|Any CPU
	EndGlobalSection
	GlobalSection(ProjectConfigurationPlatforms) = postSolution
		{0950806C-51FE-4C71-A098-1F55CFE8520D}.Debug|Any CPU.ActiveCfg = Debug|Any CPU
		{0950806C-51FE-4C71-A098-1F55CFE8520D}.Debug|Any CPU.Build.0 = Debug|Any CPU
		{0950806C-51FE-4C71-A098-1F55CFE8520D}.Release|Any CPU.ActiveCfg = Release|Any CPU
		{0950806C-51FE-4C71-A098-1F55CFE8520D}.Release|Any CPU.Build.0 = Release|Any CPU
	EndGlobalSection
	GlobalSection(SolutionProperties) = preSolution
		HideSolutionNode = FALSE
	EndGlobalSection
	GlobalSection(ExtensibilityGlobals) = postSolution
		SolutionGuid = {E3FB709E-81E0-4D2C-AED0-1EB3BCAC99E0}
	EndGlobalSection
EndGlobal
