
Microsoft Visual Studio Solution File, Format Version 12.00
# Visual Studio Version 17
VisualStudioVersion = 17.3.32929.385
MinimumVisualStudioVersion = 10.0.40219.1
Project("{FAE04EC0-301F-11D3-BF4B-00C04F79EFBC}") = "Module3HW3", "Module3HW3.csproj", "{FCB6535C-AFA9-4F56-804D-00F614ACA48A}"
EndProject
Global
	GlobalSection(SolutionConfigurationPlatforms) = preSolution
		Debug|Any CPU = Debug|Any CPU
		Release|Any CPU = Release|Any CPU
	EndGlobalSection
	GlobalSection(ProjectConfigurationPlatforms) = postSolution
		{FCB6535C-AFA9-4F56-804D-00F614ACA48A}.Debug|Any CPU.ActiveCfg = Debug|Any CPU
		{FCB6535C-AFA9-4F56-804D-00F614ACA48A}.Debug|Any CPU.Build.0 = Debug|Any CPU
		{FCB6535C-AFA9-4F56-804D-00F614ACA48A}.Release|Any CPU.ActiveCfg = Release|Any CPU
		{FCB6535C-AFA9-4F56-804D-00F614ACA48A}.Release|Any CPU.Build.0 = Release|Any CPU
	EndGlobalSection
	GlobalSection(SolutionProperties) = preSolution
		HideSolutionNode = FALSE
	EndGlobalSection
	GlobalSection(ExtensibilityGlobals) = postSolution
		SolutionGuid = {363EBA93-7BEB-49CF-A27B-6C36D9811986}
	EndGlobalSection
EndGlobal
